
Microsoft Visual Studio Solution File, Format Version 12.00
# Visual Studio Version 17
VisualStudioVersion = 17.0.31903.59
MinimumVisualStudioVersion = 10.0.40219.1
Project("{FAE04EC0-301F-11D3-BF4B-00C04F79EFBC}") = "CommonSense.API", "CommonSense.API\CommonSense.API.csproj", "{E80921E2-16A7-4C79-89C5-355EB0398427}"
EndProject
Project("{FAE04EC0-301F-11D3-BF4B-00C04F79EFBC}") = "CommonSense.DataAccess", "CommonSense.DataAccess\CommonSense.DataAccess.csproj", "{025EAA02-9BA6-4C01-A436-68013B81AB79}"
EndProject
Project("{FAE04EC0-301F-11D3-BF4B-00C04F79EFBC}") = "CommonSense.Services", "CommonSense.Services\CommonSense.Services.csproj", "{9F9E566D-E557-4951-8475-4ECCBDA6478D}"
EndProject
Project("{FAE04EC0-301F-11D3-BF4B-00C04F79EFBC}") = "CommonSense.Domain", "CommonSense.Domain\CommonSense.Domain.csproj", "{5D69E483-5BCF-42E4-AA0E-0B5428B03689}"
EndProject
Global
	GlobalSection(SolutionConfigurationPlatforms) = preSolution
		Debug|Any CPU = Debug|Any CPU
		Release|Any CPU = Release|Any CPU
	EndGlobalSection
	GlobalSection(SolutionProperties) = preSolution
		HideSolutionNode = FALSE
	EndGlobalSection
	GlobalSection(ProjectConfigurationPlatforms) = postSolution
		{E80921E2-16A7-4C79-89C5-355EB0398427}.Debug|Any CPU.ActiveCfg = Debug|Any CPU
		{E80921E2-16A7-4C79-89C5-355EB0398427}.Debug|Any CPU.Build.0 = Debug|Any CPU
		{E80921E2-16A7-4C79-89C5-355EB0398427}.Release|Any CPU.ActiveCfg = Release|Any CPU
		{E80921E2-16A7-4C79-89C5-355EB0398427}.Release|Any CPU.Build.0 = Release|Any CPU
		{025EAA02-9BA6-4C01-A436-68013B81AB79}.Debug|Any CPU.ActiveCfg = Debug|Any CPU
		{025EAA02-9BA6-4C01-A436-68013B81AB79}.Debug|Any CPU.Build.0 = Debug|Any CPU
		{025EAA02-9BA6-4C01-A436-68013B81AB79}.Release|Any CPU.ActiveCfg = Release|Any CPU
		{025EAA02-9BA6-4C01-A436-68013B81AB79}.Release|Any CPU.Build.0 = Release|Any CPU
		{9F9E566D-E557-4951-8475-4ECCBDA6478D}.Debug|Any CPU.ActiveCfg = Debug|Any CPU
		{9F9E566D-E557-4951-8475-4ECCBDA6478D}.Debug|Any CPU.Build.0 = Debug|Any CPU
		{9F9E566D-E557-4951-8475-4ECCBDA6478D}.Release|Any CPU.ActiveCfg = Release|Any CPU
		{9F9E566D-E557-4951-8475-4ECCBDA6478D}.Release|Any CPU.Build.0 = Release|Any CPU
		{5D69E483-5BCF-42E4-AA0E-0B5428B03689}.Debug|Any CPU.ActiveCfg = Debug|Any CPU
		{5D69E483-5BCF-42E4-AA0E-0B5428B03689}.Debug|Any CPU.Build.0 = Debug|Any CPU
		{5D69E483-5BCF-42E4-AA0E-0B5428B03689}.Release|Any CPU.ActiveCfg = Release|Any CPU
		{5D69E483-5BCF-42E4-AA0E-0B5428B03689}.Release|Any CPU.Build.0 = Release|Any CPU
	EndGlobalSection
EndGlobal
